
Microsoft Visual Studio Solution File, Format Version 12.00
# Visual Studio 15
VisualStudioVersion = 15.0.26730.3
MinimumVisualStudioVersion = 10.0.40219.1
Project("{FAE04EC0-301F-11D3-BF4B-00C04F79EFBC}") = "Laba_No3", "Laba_No3\Laba_No3.csproj", "{F09D4646-4526-4E32-B973-10EE9C4015CC}"
EndProject
Global
	GlobalSection(SolutionConfigurationPlatforms) = preSolution
		Debug|Any CPU = Debug|Any CPU
		Release|Any CPU = Release|Any CPU
	EndGlobalSection
	GlobalSection(ProjectConfigurationPlatforms) = postSolution
		{F09D4646-4526-4E32-B973-10EE9C4015CC}.Debug|Any CPU.ActiveCfg = Debug|Any CPU
		{F09D4646-4526-4E32-B973-10EE9C4015CC}.Debug|Any CPU.Build.0 = Debug|Any CPU
		{F09D4646-4526-4E32-B973-10EE9C4015CC}.Release|Any CPU.ActiveCfg = Release|Any CPU
		{F09D4646-4526-4E32-B973-10EE9C4015CC}.Release|Any CPU.Build.0 = Release|Any CPU
	EndGlobalSection
	GlobalSection(SolutionProperties) = preSolution
		HideSolutionNode = FALSE
	EndGlobalSection
	GlobalSection(ExtensibilityGlobals) = postSolution
		SolutionGuid = {A7ABBE80-B758-4C6C-8EAF-910B50FE2E50}
	EndGlobalSection
EndGlobal
